
Microsoft Visual Studio Solution File, Format Version 12.00
# Visual Studio Version 16
VisualStudioVersion = 16.0.31005.135
MinimumVisualStudioVersion = 10.0.40219.1
Project("{FAE04EC0-301F-11D3-BF4B-00C04F79EFBC}") = "Services", "Services\Services.csproj", "{8575D8CB-B2C0-40FD-A64E-AEDA65A47654}"
EndProject
Project("{FAE04EC0-301F-11D3-BF4B-00C04F79EFBC}") = "Common", "Common\Common.csproj", "{E409B38B-13DE-4E8A-BFD4-0EC7F8C5DE9D}"
EndProject
Project("{FAE04EC0-301F-11D3-BF4B-00C04F79EFBC}") = "Models", "Models\Models.csproj", "{9452008C-B3EF-415F-A0FF-33D6263F4C54}"
EndProject
Project("{FAE04EC0-301F-11D3-BF4B-00C04F79EFBC}") = "WebAPI", "WebAPI\WebAPI.csproj", "{C0309CA1-0710-4CCB-AAD2-17FD74AEE776}"
EndProject
Project("{FAE04EC0-301F-11D3-BF4B-00C04F79EFBC}") = "Data", "Data\Data.csproj", "{95F715F7-6F98-4055-BF3E-A03F350F489E}"
EndProject
Global
	GlobalSection(SolutionConfigurationPlatforms) = preSolution
		Debug|Any CPU = Debug|Any CPU
		Release|Any CPU = Release|Any CPU
	EndGlobalSection
	GlobalSection(ProjectConfigurationPlatforms) = postSolution
		{8575D8CB-B2C0-40FD-A64E-AEDA65A47654}.Debug|Any CPU.ActiveCfg = Debug|Any CPU
		{8575D8CB-B2C0-40FD-A64E-AEDA65A47654}.Debug|Any CPU.Build.0 = Debug|Any CPU
		{8575D8CB-B2C0-40FD-A64E-AEDA65A47654}.Release|Any CPU.ActiveCfg = Release|Any CPU
		{8575D8CB-B2C0-40FD-A64E-AEDA65A47654}.Release|Any CPU.Build.0 = Release|Any CPU
		{E409B38B-13DE-4E8A-BFD4-0EC7F8C5DE9D}.Debug|Any CPU.ActiveCfg = Debug|Any CPU
		{E409B38B-13DE-4E8A-BFD4-0EC7F8C5DE9D}.Debug|Any CPU.Build.0 = Debug|Any CPU
		{E409B38B-13DE-4E8A-BFD4-0EC7F8C5DE9D}.Release|Any CPU.ActiveCfg = Release|Any CPU
		{E409B38B-13DE-4E8A-BFD4-0EC7F8C5DE9D}.Release|Any CPU.Build.0 = Release|Any CPU
		{9452008C-B3EF-415F-A0FF-33D6263F4C54}.Debug|Any CPU.ActiveCfg = Debug|Any CPU
		{9452008C-B3EF-415F-A0FF-33D6263F4C54}.Debug|Any CPU.Build.0 = Debug|Any CPU
		{9452008C-B3EF-415F-A0FF-33D6263F4C54}.Release|Any CPU.ActiveCfg = Release|Any CPU
		{9452008C-B3EF-415F-A0FF-33D6263F4C54}.Release|Any CPU.Build.0 = Release|Any CPU
		{C0309CA1-0710-4CCB-AAD2-17FD74AEE776}.Debug|Any CPU.ActiveCfg = Debug|Any CPU
		{C0309CA1-0710-4CCB-AAD2-17FD74AEE776}.Debug|Any CPU.Build.0 = Debug|Any CPU
		{C0309CA1-0710-4CCB-AAD2-17FD74AEE776}.Release|Any CPU.ActiveCfg = Release|Any CPU
		{C0309CA1-0710-4CCB-AAD2-17FD74AEE776}.Release|Any CPU.Build.0 = Release|Any CPU
		{95F715F7-6F98-4055-BF3E-A03F350F489E}.Debug|Any CPU.ActiveCfg = Debug|Any CPU
		{95F715F7-6F98-4055-BF3E-A03F350F489E}.Debug|Any CPU.Build.0 = Debug|Any CPU
		{95F715F7-6F98-4055-BF3E-A03F350F489E}.Release|Any CPU.ActiveCfg = Release|Any CPU
		{95F715F7-6F98-4055-BF3E-A03F350F489E}.Release|Any CPU.Build.0 = Release|Any CPU
	EndGlobalSection
	GlobalSection(SolutionProperties) = preSolution
		HideSolutionNode = FALSE
	EndGlobalSection
	GlobalSection(ExtensibilityGlobals) = postSolution
		SolutionGuid = {12A9A814-9E8E-4803-8362-B28187BAB064}
	EndGlobalSection
EndGlobal
